
Microsoft Visual Studio Solution File, Format Version 12.00
# Visual Studio Version 17
VisualStudioVersion = 17.3.32811.315
MinimumVisualStudioVersion = 10.0.40219.1
Project("{FAE04EC0-301F-11D3-BF4B-00C04F79EFBC}") = "BanHang", "BanHang\BanHang.csproj", "{03D5B9BA-EB62-4161-8703-6956A6E1FA32}"
EndProject
Global
	GlobalSection(SolutionConfigurationPlatforms) = preSolution
		Debug|Any CPU = Debug|Any CPU
		Release|Any CPU = Release|Any CPU
	EndGlobalSection
	GlobalSection(ProjectConfigurationPlatforms) = postSolution
		{03D5B9BA-EB62-4161-8703-6956A6E1FA32}.Debug|Any CPU.ActiveCfg = Debug|Any CPU
		{03D5B9BA-EB62-4161-8703-6956A6E1FA32}.Debug|Any CPU.Build.0 = Debug|Any CPU
		{03D5B9BA-EB62-4161-8703-6956A6E1FA32}.Release|Any CPU.ActiveCfg = Release|Any CPU
		{03D5B9BA-EB62-4161-8703-6956A6E1FA32}.Release|Any CPU.Build.0 = Release|Any CPU
	EndGlobalSection
	GlobalSection(SolutionProperties) = preSolution
		HideSolutionNode = FALSE
	EndGlobalSection
	GlobalSection(ExtensibilityGlobals) = postSolution
		SolutionGuid = {52AE5AEE-78E1-4025-81CD-8F6FA70F18EC}
	EndGlobalSection
EndGlobal
