
Microsoft Visual Studio Solution File, Format Version 12.00
# Visual Studio Version 17
VisualStudioVersion = 17.3.32811.315
MinimumVisualStudioVersion = 10.0.40219.1
Project("{FAE04EC0-301F-11D3-BF4B-00C04F79EFBC}") = "DuThuyenHoTay", "DuThuyenHoTay\DuThuyenHoTay.csproj", "{BF57C4C7-01AC-453E-834F-BE135DB8F81E}"
EndProject
Global
	GlobalSection(SolutionConfigurationPlatforms) = preSolution
		Debug|Any CPU = Debug|Any CPU
		Release|Any CPU = Release|Any CPU
	EndGlobalSection
	GlobalSection(ProjectConfigurationPlatforms) = postSolution
		{BF57C4C7-01AC-453E-834F-BE135DB8F81E}.Debug|Any CPU.ActiveCfg = Debug|Any CPU
		{BF57C4C7-01AC-453E-834F-BE135DB8F81E}.Debug|Any CPU.Build.0 = Debug|Any CPU
		{BF57C4C7-01AC-453E-834F-BE135DB8F81E}.Release|Any CPU.ActiveCfg = Release|Any CPU
		{BF57C4C7-01AC-453E-834F-BE135DB8F81E}.Release|Any CPU.Build.0 = Release|Any CPU
	EndGlobalSection
	GlobalSection(SolutionProperties) = preSolution
		HideSolutionNode = FALSE
	EndGlobalSection
	GlobalSection(ExtensibilityGlobals) = postSolution
		SolutionGuid = {776922E2-95E9-494F-94AF-6DD8E22D94FA}
	EndGlobalSection
EndGlobal
