
Microsoft Visual Studio Solution File, Format Version 12.00
# Visual Studio Version 17
VisualStudioVersion = 17.3.32811.315
MinimumVisualStudioVersion = 10.0.40219.1
Project("{FAE04EC0-301F-11D3-BF4B-00C04F79EFBC}") = "DialogExmap", "DialogExmap\DialogExmap.csproj", "{0D1BF3F8-609C-4BDF-90CD-D886CEB4018F}"
EndProject
Global
	GlobalSection(SolutionConfigurationPlatforms) = preSolution
		Debug|Any CPU = Debug|Any CPU
		Release|Any CPU = Release|Any CPU
	EndGlobalSection
	GlobalSection(ProjectConfigurationPlatforms) = postSolution
		{0D1BF3F8-609C-4BDF-90CD-D886CEB4018F}.Debug|Any CPU.ActiveCfg = Debug|Any CPU
		{0D1BF3F8-609C-4BDF-90CD-D886CEB4018F}.Debug|Any CPU.Build.0 = Debug|Any CPU
		{0D1BF3F8-609C-4BDF-90CD-D886CEB4018F}.Release|Any CPU.ActiveCfg = Release|Any CPU
		{0D1BF3F8-609C-4BDF-90CD-D886CEB4018F}.Release|Any CPU.Build.0 = Release|Any CPU
	EndGlobalSection
	GlobalSection(SolutionProperties) = preSolution
		HideSolutionNode = FALSE
	EndGlobalSection
	GlobalSection(ExtensibilityGlobals) = postSolution
		SolutionGuid = {1007F203-449A-4C3D-8D28-8972D0422B91}
	EndGlobalSection
EndGlobal
