
Microsoft Visual Studio Solution File, Format Version 12.00
# Visual Studio Version 17
VisualStudioVersion = 17.3.32811.315
MinimumVisualStudioVersion = 10.0.40219.1
Project("{FAE04EC0-301F-11D3-BF4B-00C04F79EFBC}") = "Bai1_0", "Bai1_0\Bai1_0.csproj", "{FB59B522-BD86-4006-932E-CBF129291C8E}"
EndProject
Global
	GlobalSection(SolutionConfigurationPlatforms) = preSolution
		Debug|Any CPU = Debug|Any CPU
		Release|Any CPU = Release|Any CPU
	EndGlobalSection
	GlobalSection(ProjectConfigurationPlatforms) = postSolution
		{FB59B522-BD86-4006-932E-CBF129291C8E}.Debug|Any CPU.ActiveCfg = Debug|Any CPU
		{FB59B522-BD86-4006-932E-CBF129291C8E}.Debug|Any CPU.Build.0 = Debug|Any CPU
		{FB59B522-BD86-4006-932E-CBF129291C8E}.Release|Any CPU.ActiveCfg = Release|Any CPU
		{FB59B522-BD86-4006-932E-CBF129291C8E}.Release|Any CPU.Build.0 = Release|Any CPU
	EndGlobalSection
	GlobalSection(SolutionProperties) = preSolution
		HideSolutionNode = FALSE
	EndGlobalSection
	GlobalSection(ExtensibilityGlobals) = postSolution
		SolutionGuid = {567FE7E9-FFE4-4FBD-8D02-AFBFC0E8B99C}
	EndGlobalSection
EndGlobal
