
Microsoft Visual Studio Solution File, Format Version 12.00
# Visual Studio Version 17
VisualStudioVersion = 17.3.32811.315
MinimumVisualStudioVersion = 10.0.40219.1
Project("{FAE04EC0-301F-11D3-BF4B-00C04F79EFBC}") = "ListBox", "ListBox\ListBox.csproj", "{17D6FE91-1DCD-42BB-B5D2-582A45715CD4}"
EndProject
Global
	GlobalSection(SolutionConfigurationPlatforms) = preSolution
		Debug|Any CPU = Debug|Any CPU
		Release|Any CPU = Release|Any CPU
	EndGlobalSection
	GlobalSection(ProjectConfigurationPlatforms) = postSolution
		{17D6FE91-1DCD-42BB-B5D2-582A45715CD4}.Debug|Any CPU.ActiveCfg = Debug|Any CPU
		{17D6FE91-1DCD-42BB-B5D2-582A45715CD4}.Debug|Any CPU.Build.0 = Debug|Any CPU
		{17D6FE91-1DCD-42BB-B5D2-582A45715CD4}.Release|Any CPU.ActiveCfg = Release|Any CPU
		{17D6FE91-1DCD-42BB-B5D2-582A45715CD4}.Release|Any CPU.Build.0 = Release|Any CPU
	EndGlobalSection
	GlobalSection(SolutionProperties) = preSolution
		HideSolutionNode = FALSE
	EndGlobalSection
	GlobalSection(ExtensibilityGlobals) = postSolution
		SolutionGuid = {30647705-49E2-48A0-9FD9-88183B4C522A}
	EndGlobalSection
EndGlobal
